
Microsoft Visual Studio Solution File, Format Version 12.00
# Visual Studio 14
VisualStudioVersion = 14.0.25420.1
MinimumVisualStudioVersion = 10.0.40219.1
Project("{FAE04EC0-301F-11D3-BF4B-00C04F79EFBC}") = "OperationsManager", "OperationsManager\OperationsManager.csproj", "{8CC50DF4-3FF1-452F-A681-F11432F93AE2}"
EndProject
Project("{FAE04EC0-301F-11D3-BF4B-00C04F79EFBC}") = "OperationsManager.Tests", "OperationsManager.Tests\OperationsManager.Tests.csproj", "{40135632-D299-459E-9E15-B09C0F657DD4}"
EndProject
Project("{FAE04EC0-301F-11D3-BF4B-00C04F79EFBC}") = "OpMgr.Common", "OpMgr.Common\OpMgr.Common.csproj", "{31813560-3D31-4B02-B7FA-40D5C61050BB}"
EndProject
Project("{FAE04EC0-301F-11D3-BF4B-00C04F79EFBC}") = "OpMgr.DataAccess", "OpMgr.DataAccess\OpMgr.DataAccess.csproj", "{48BFC7FB-8015-4A52-B404-5CFC383402BF}"
EndProject
Project("{FAE04EC0-301F-11D3-BF4B-00C04F79EFBC}") = "OpMgr.Configurations", "OpMgr.Configurations\OpMgr.Configurations.csproj", "{F7259DF2-DA9D-4A4F-8454-4416CF55A744}"
EndProject
Project("{FAE04EC0-301F-11D3-BF4B-00C04F79EFBC}") = "OpMgr.TransactionHandler", "OpMgr.TransactionHandler\OpMgr.TransactionHandler.csproj", "{4D95FA50-5330-46A9-9CBB-A803E0EA1667}"
EndProject
Project("{FAE04EC0-301F-11D3-BF4B-00C04F79EFBC}") = "OpMgr.TransactionHandler.Runner", "OpMgr.TransactionHandler.Runner\OpMgr.TransactionHandler.Runner.csproj", "{B8652D94-8F3E-4271-8377-1AEA3D66362D}"
EndProject
Project("{FAE04EC0-301F-11D3-BF4B-00C04F79EFBC}") = "OpMgr.Logger", "OpMgr.Logger\OpMgr.Logger.csproj", "{C977AFEA-B959-4806-9FD3-6935813362B4}"
EndProject
Project("{FAE04EC0-301F-11D3-BF4B-00C04F79EFBC}") = "OpMgr.Resources", "OpMgr.Resources\OpMgr.Resources.csproj", "{1597930E-B3B4-42D3-B17D-CD4EBB0CD396}"
EndProject
Project("{FAE04EC0-301F-11D3-BF4B-00C04F79EFBC}") = "OpMgr.FileWatcher", "OpMgr.FileWatcher\OpMgr.FileWatcher.csproj", "{5F8DB229-2139-45CF-B17E-82725536D2EE}"
EndProject
Project("{FAE04EC0-301F-11D3-BF4B-00C04F79EFBC}") = "OpMgr.Mailer", "OpMgr.Mailer\OpMgr.Mailer.csproj", "{620F30ED-EE12-4707-A0D6-F386E33314A4}"
EndProject
Global
	GlobalSection(SolutionConfigurationPlatforms) = preSolution
		Debug|Any CPU = Debug|Any CPU
		Debug|x86 = Debug|x86
		Release|Any CPU = Release|Any CPU
		Release|x86 = Release|x86
	EndGlobalSection
	GlobalSection(ProjectConfigurationPlatforms) = postSolution
		{8CC50DF4-3FF1-452F-A681-F11432F93AE2}.Debug|Any CPU.ActiveCfg = Debug|Any CPU
		{8CC50DF4-3FF1-452F-A681-F11432F93AE2}.Debug|Any CPU.Build.0 = Debug|Any CPU
		{8CC50DF4-3FF1-452F-A681-F11432F93AE2}.Debug|x86.ActiveCfg = Debug|Any CPU
		{8CC50DF4-3FF1-452F-A681-F11432F93AE2}.Debug|x86.Build.0 = Debug|Any CPU
		{8CC50DF4-3FF1-452F-A681-F11432F93AE2}.Release|Any CPU.ActiveCfg = Release|Any CPU
		{8CC50DF4-3FF1-452F-A681-F11432F93AE2}.Release|Any CPU.Build.0 = Release|Any CPU
		{8CC50DF4-3FF1-452F-A681-F11432F93AE2}.Release|x86.ActiveCfg = Release|Any CPU
		{8CC50DF4-3FF1-452F-A681-F11432F93AE2}.Release|x86.Build.0 = Release|Any CPU
		{40135632-D299-459E-9E15-B09C0F657DD4}.Debug|Any CPU.ActiveCfg = Debug|Any CPU
		{40135632-D299-459E-9E15-B09C0F657DD4}.Debug|Any CPU.Build.0 = Debug|Any CPU
		{40135632-D299-459E-9E15-B09C0F657DD4}.Debug|x86.ActiveCfg = Debug|Any CPU
		{40135632-D299-459E-9E15-B09C0F657DD4}.Debug|x86.Build.0 = Debug|Any CPU
		{40135632-D299-459E-9E15-B09C0F657DD4}.Release|Any CPU.ActiveCfg = Release|Any CPU
		{40135632-D299-459E-9E15-B09C0F657DD4}.Release|Any CPU.Build.0 = Release|Any CPU
		{40135632-D299-459E-9E15-B09C0F657DD4}.Release|x86.ActiveCfg = Release|Any CPU
		{40135632-D299-459E-9E15-B09C0F657DD4}.Release|x86.Build.0 = Release|Any CPU
		{31813560-3D31-4B02-B7FA-40D5C61050BB}.Debug|Any CPU.ActiveCfg = Debug|Any CPU
		{31813560-3D31-4B02-B7FA-40D5C61050BB}.Debug|Any CPU.Build.0 = Debug|Any CPU
		{31813560-3D31-4B02-B7FA-40D5C61050BB}.Debug|x86.ActiveCfg = Debug|Any CPU
		{31813560-3D31-4B02-B7FA-40D5C61050BB}.Debug|x86.Build.0 = Debug|Any CPU
		{31813560-3D31-4B02-B7FA-40D5C61050BB}.Release|Any CPU.ActiveCfg = Release|Any CPU
		{31813560-3D31-4B02-B7FA-40D5C61050BB}.Release|Any CPU.Build.0 = Release|Any CPU
		{31813560-3D31-4B02-B7FA-40D5C61050BB}.Release|x86.ActiveCfg = Release|Any CPU
		{31813560-3D31-4B02-B7FA-40D5C61050BB}.Release|x86.Build.0 = Release|Any CPU
		{48BFC7FB-8015-4A52-B404-5CFC383402BF}.Debug|Any CPU.ActiveCfg = Debug|Any CPU
		{48BFC7FB-8015-4A52-B404-5CFC383402BF}.Debug|Any CPU.Build.0 = Debug|Any CPU
		{48BFC7FB-8015-4A52-B404-5CFC383402BF}.Debug|x86.ActiveCfg = Debug|Any CPU
		{48BFC7FB-8015-4A52-B404-5CFC383402BF}.Debug|x86.Build.0 = Debug|Any CPU
		{48BFC7FB-8015-4A52-B404-5CFC383402BF}.Release|Any CPU.ActiveCfg = Release|Any CPU
		{48BFC7FB-8015-4A52-B404-5CFC383402BF}.Release|Any CPU.Build.0 = Release|Any CPU
		{48BFC7FB-8015-4A52-B404-5CFC383402BF}.Release|x86.ActiveCfg = Release|Any CPU
		{48BFC7FB-8015-4A52-B404-5CFC383402BF}.Release|x86.Build.0 = Release|Any CPU
		{F7259DF2-DA9D-4A4F-8454-4416CF55A744}.Debug|Any CPU.ActiveCfg = Debug|Any CPU
		{F7259DF2-DA9D-4A4F-8454-4416CF55A744}.Debug|Any CPU.Build.0 = Debug|Any CPU
		{F7259DF2-DA9D-4A4F-8454-4416CF55A744}.Debug|x86.ActiveCfg = Debug|Any CPU
		{F7259DF2-DA9D-4A4F-8454-4416CF55A744}.Debug|x86.Build.0 = Debug|Any CPU
		{F7259DF2-DA9D-4A4F-8454-4416CF55A744}.Release|Any CPU.ActiveCfg = Release|Any CPU
		{F7259DF2-DA9D-4A4F-8454-4416CF55A744}.Release|Any CPU.Build.0 = Release|Any CPU
		{F7259DF2-DA9D-4A4F-8454-4416CF55A744}.Release|x86.ActiveCfg = Release|Any CPU
		{F7259DF2-DA9D-4A4F-8454-4416CF55A744}.Release|x86.Build.0 = Release|Any CPU
		{4D95FA50-5330-46A9-9CBB-A803E0EA1667}.Debug|Any CPU.ActiveCfg = Debug|Any CPU
		{4D95FA50-5330-46A9-9CBB-A803E0EA1667}.Debug|Any CPU.Build.0 = Debug|Any CPU
		{4D95FA50-5330-46A9-9CBB-A803E0EA1667}.Debug|x86.ActiveCfg = Debug|Any CPU
		{4D95FA50-5330-46A9-9CBB-A803E0EA1667}.Debug|x86.Build.0 = Debug|Any CPU
		{4D95FA50-5330-46A9-9CBB-A803E0EA1667}.Release|Any CPU.ActiveCfg = Release|Any CPU
		{4D95FA50-5330-46A9-9CBB-A803E0EA1667}.Release|Any CPU.Build.0 = Release|Any CPU
		{4D95FA50-5330-46A9-9CBB-A803E0EA1667}.Release|x86.ActiveCfg = Release|Any CPU
		{4D95FA50-5330-46A9-9CBB-A803E0EA1667}.Release|x86.Build.0 = Release|Any CPU
		{B8652D94-8F3E-4271-8377-1AEA3D66362D}.Debug|Any CPU.ActiveCfg = Debug|Any CPU
		{B8652D94-8F3E-4271-8377-1AEA3D66362D}.Debug|Any CPU.Build.0 = Debug|Any CPU
		{B8652D94-8F3E-4271-8377-1AEA3D66362D}.Debug|x86.ActiveCfg = Debug|Any CPU
		{B8652D94-8F3E-4271-8377-1AEA3D66362D}.Debug|x86.Build.0 = Debug|Any CPU
		{B8652D94-8F3E-4271-8377-1AEA3D66362D}.Release|Any CPU.ActiveCfg = Release|Any CPU
		{B8652D94-8F3E-4271-8377-1AEA3D66362D}.Release|Any CPU.Build.0 = Release|Any CPU
		{B8652D94-8F3E-4271-8377-1AEA3D66362D}.Release|x86.ActiveCfg = Release|Any CPU
		{B8652D94-8F3E-4271-8377-1AEA3D66362D}.Release|x86.Build.0 = Release|Any CPU
		{C977AFEA-B959-4806-9FD3-6935813362B4}.Debug|Any CPU.ActiveCfg = Debug|Any CPU
		{C977AFEA-B959-4806-9FD3-6935813362B4}.Debug|Any CPU.Build.0 = Debug|Any CPU
		{C977AFEA-B959-4806-9FD3-6935813362B4}.Debug|x86.ActiveCfg = Debug|Any CPU
		{C977AFEA-B959-4806-9FD3-6935813362B4}.Debug|x86.Build.0 = Debug|Any CPU
		{C977AFEA-B959-4806-9FD3-6935813362B4}.Release|Any CPU.ActiveCfg = Release|Any CPU
		{C977AFEA-B959-4806-9FD3-6935813362B4}.Release|Any CPU.Build.0 = Release|Any CPU
		{C977AFEA-B959-4806-9FD3-6935813362B4}.Release|x86.ActiveCfg = Release|Any CPU
		{C977AFEA-B959-4806-9FD3-6935813362B4}.Release|x86.Build.0 = Release|Any CPU
		{1597930E-B3B4-42D3-B17D-CD4EBB0CD396}.Debug|Any CPU.ActiveCfg = Debug|Any CPU
		{1597930E-B3B4-42D3-B17D-CD4EBB0CD396}.Debug|Any CPU.Build.0 = Debug|Any CPU
		{1597930E-B3B4-42D3-B17D-CD4EBB0CD396}.Debug|x86.ActiveCfg = Debug|Any CPU
		{1597930E-B3B4-42D3-B17D-CD4EBB0CD396}.Debug|x86.Build.0 = Debug|Any CPU
		{1597930E-B3B4-42D3-B17D-CD4EBB0CD396}.Release|Any CPU.ActiveCfg = Release|Any CPU
		{1597930E-B3B4-42D3-B17D-CD4EBB0CD396}.Release|Any CPU.Build.0 = Release|Any CPU
		{1597930E-B3B4-42D3-B17D-CD4EBB0CD396}.Release|x86.ActiveCfg = Release|Any CPU
		{1597930E-B3B4-42D3-B17D-CD4EBB0CD396}.Release|x86.Build.0 = Release|Any CPU
		{5F8DB229-2139-45CF-B17E-82725536D2EE}.Debug|Any CPU.ActiveCfg = Debug|Any CPU
		{5F8DB229-2139-45CF-B17E-82725536D2EE}.Debug|Any CPU.Build.0 = Debug|Any CPU
		{5F8DB229-2139-45CF-B17E-82725536D2EE}.Debug|x86.ActiveCfg = Debug|x86
		{5F8DB229-2139-45CF-B17E-82725536D2EE}.Debug|x86.Build.0 = Debug|x86
		{5F8DB229-2139-45CF-B17E-82725536D2EE}.Release|Any CPU.ActiveCfg = Release|Any CPU
		{5F8DB229-2139-45CF-B17E-82725536D2EE}.Release|Any CPU.Build.0 = Release|Any CPU
		{5F8DB229-2139-45CF-B17E-82725536D2EE}.Release|x86.ActiveCfg = Release|x86
		{5F8DB229-2139-45CF-B17E-82725536D2EE}.Release|x86.Build.0 = Release|x86
		{620F30ED-EE12-4707-A0D6-F386E33314A4}.Debug|Any CPU.ActiveCfg = Debug|Any CPU
		{620F30ED-EE12-4707-A0D6-F386E33314A4}.Debug|Any CPU.Build.0 = Debug|Any CPU
		{620F30ED-EE12-4707-A0D6-F386E33314A4}.Debug|x86.ActiveCfg = Debug|Any CPU
		{620F30ED-EE12-4707-A0D6-F386E33314A4}.Debug|x86.Build.0 = Debug|Any CPU
		{620F30ED-EE12-4707-A0D6-F386E33314A4}.Release|Any CPU.ActiveCfg = Release|Any CPU
		{620F30ED-EE12-4707-A0D6-F386E33314A4}.Release|Any CPU.Build.0 = Release|Any CPU
		{620F30ED-EE12-4707-A0D6-F386E33314A4}.Release|x86.ActiveCfg = Release|Any CPU
		{620F30ED-EE12-4707-A0D6-F386E33314A4}.Release|x86.Build.0 = Release|Any CPU
	EndGlobalSection
	GlobalSection(SolutionProperties) = preSolution
		HideSolutionNode = FALSE
	EndGlobalSection
EndGlobal
